
Microsoft Visual Studio Solution File, Format Version 12.00
# Visual Studio Version 17
VisualStudioVersion = 17.7.34221.43
MinimumVisualStudioVersion = 10.0.40219.1
Project("{FAE04EC0-301F-11D3-BF4B-00C04F79EFBC}") = "WpfApp1", "WpfApp1.csproj", "{BD5D9122-74C3-415A-A10E-F65DE94C7BA2}"
EndProject
Global
	GlobalSection(SolutionConfigurationPlatforms) = preSolution
		Debug|Any CPU = Debug|Any CPU
		Release|Any CPU = Release|Any CPU
	EndGlobalSection
	GlobalSection(ProjectConfigurationPlatforms) = postSolution
		{BD5D9122-74C3-415A-A10E-F65DE94C7BA2}.Debug|Any CPU.ActiveCfg = Debug|Any CPU
		{BD5D9122-74C3-415A-A10E-F65DE94C7BA2}.Debug|Any CPU.Build.0 = Debug|Any CPU
		{BD5D9122-74C3-415A-A10E-F65DE94C7BA2}.Release|Any CPU.ActiveCfg = Release|Any CPU
		{BD5D9122-74C3-415A-A10E-F65DE94C7BA2}.Release|Any CPU.Build.0 = Release|Any CPU
	EndGlobalSection
	GlobalSection(SolutionProperties) = preSolution
		HideSolutionNode = FALSE
	EndGlobalSection
	GlobalSection(ExtensibilityGlobals) = postSolution
		SolutionGuid = {12C22FCD-FC47-4C59-9052-CBEDDB7B8165}
	EndGlobalSection
EndGlobal
